// !$*UTF8*$!
{
	archiveVersion = 1;
	classes = {
	};
	objectVersion = 56;
	objects = {

/* Begin PBXBuildFile section */
		474341D51EB51E9F52EF0479 /* Pods_SwiftLib.framework in Frameworks */ = {isa = PBXBuildFile; fileRef = EBE4E5191F2FE42B875BE9F8 /* Pods_SwiftLib.framework */; };
		6012FE7A21256FC71C5B04B6 /* Pods_SwiftLibTests.framework in Frameworks */ = {isa = PBXBuildFile; fileRef = 1E68AFBFC7C05C81A74797EE /* Pods_SwiftLibTests.framework */; };
		93B8B69729D57AD40079DD62 /* AppDelegate.swift in Sources */ = {isa = PBXBuildFile; fileRef = 93B8B69629D57AD40079DD62 /* AppDelegate.swift */; };
		93B8B69929D57AD40079DD62 /* SceneDelegate.swift in Sources */ = {isa = PBXBuildFile; fileRef = 93B8B69829D57AD40079DD62 /* SceneDelegate.swift */; };
		93B8B69B29D57AD40079DD62 /* ViewController.swift in Sources */ = {isa = PBXBuildFile; fileRef = 93B8B69A29D57AD40079DD62 /* ViewController.swift */; };
		93B8B69E29D57AD40079DD62 /* Main.storyboard in Resources */ = {isa = PBXBuildFile; fileRef = 93B8B69C29D57AD40079DD62 /* Main.storyboard */; };
		93B8B6A029D57AD50079DD62 /* Assets.xcassets in Resources */ = {isa = PBXBuildFile; fileRef = 93B8B69F29D57AD50079DD62 /* Assets.xcassets */; };
		93B8B6A329D57AD50079DD62 /* LaunchScreen.storyboard in Resources */ = {isa = PBXBuildFile; fileRef = 93B8B6A129D57AD50079DD62 /* LaunchScreen.storyboard */; };
		93B8B6AE29D57AD50079DD62 /* SwiftLibTests.swift in Sources */ = {isa = PBXBuildFile; fileRef = 93B8B6AD29D57AD50079DD62 /* SwiftLibTests.swift */; };
		93B8B6B829D57AD50079DD62 /* SwiftLibUITests.swift in Sources */ = {isa = PBXBuildFile; fileRef = 93B8B6B729D57AD50079DD62 /* SwiftLibUITests.swift */; };
		93B8B6BA29D57AD50079DD62 /* SwiftLibUITestsLaunchTests.swift in Sources */ = {isa = PBXBuildFile; fileRef = 93B8B6B929D57AD50079DD62 /* SwiftLibUITestsLaunchTests.swift */; };
		93B8B6C729D58C7A0079DD62 /* SwiftLib.swift in Sources */ = {isa = PBXBuildFile; fileRef = 93B8B6C629D58C7A0079DD62 /* SwiftLib.swift */; };
		AF4ECFCB63A938EB98F56114 /* Pods_SwiftLib_SwiftLibUITests.framework in Frameworks */ = {isa = PBXBuildFile; fileRef = FED46886CD6FB0396507E32D /* Pods_SwiftLib_SwiftLibUITests.framework */; };
/* End PBXBuildFile section */

/* Begin PBXContainerItemProxy section */
		93B8B6AA29D57AD50079DD62 /* PBXContainerItemProxy */ = {
			isa = PBXContainerItemProxy;
			containerPortal = 93B8B68B29D57AD40079DD62 /* Project object */;
			proxyType = 1;
			remoteGlobalIDString = 93B8B69229D57AD40079DD62;
			remoteInfo = SwiftLib;
		};
		93B8B6B429D57AD50079DD62 /* PBXContainerItemProxy */ = {
			isa = PBXContainerItemProxy;
			containerPortal = 93B8B68B29D57AD40079DD62 /* Project object */;
			proxyType = 1;
			remoteGlobalIDString = 93B8B69229D57AD40079DD62;
			remoteInfo = SwiftLib;
		};
/* End PBXContainerItemProxy section */

/* Begin PBXFileReference section */
		1E68AFBFC7C05C81A74797EE /* Pods_SwiftLibTests.framework */ = {isa = PBXFileReference; explicitFileType = wrapper.framework; includeInIndex = 0; path = Pods_SwiftLibTests.framework; sourceTree = BUILT_PRODUCTS_DIR; };
		4A8214B8B080B291C41B2CD4 /* Pods-SwiftLibTests.release.xcconfig */ = {isa = PBXFileReference; includeInIndex = 1; lastKnownFileType = text.xcconfig; name = "Pods-SwiftLibTests.release.xcconfig"; path = "Target Support Files/Pods-SwiftLibTests/Pods-SwiftLibTests.release.xcconfig"; sourceTree = "<group>"; };
		5751B7DC408E5DB634F02B27 /* Pods-SwiftLib-SwiftLibUITests.debug.xcconfig */ = {isa = PBXFileReference; includeInIndex = 1; lastKnownFileType = text.xcconfig; name = "Pods-SwiftLib-SwiftLibUITests.debug.xcconfig"; path = "Target Support Files/Pods-SwiftLib-SwiftLibUITests/Pods-SwiftLib-SwiftLibUITests.debug.xcconfig"; sourceTree = "<group>"; };
		61BC8DFD0432FB0B13453C9C /* Pods-SwiftLib.debug.xcconfig */ = {isa = PBXFileReference; includeInIndex = 1; lastKnownFileType = text.xcconfig; name = "Pods-SwiftLib.debug.xcconfig"; path = "Target Support Files/Pods-SwiftLib/Pods-SwiftLib.debug.xcconfig"; sourceTree = "<group>"; };
		666C6D16FF37F341C1F12642 /* Pods-SwiftLib.release.xcconfig */ = {isa = PBXFileReference; includeInIndex = 1; lastKnownFileType = text.xcconfig; name = "Pods-SwiftLib.release.xcconfig"; path = "Target Support Files/Pods-SwiftLib/Pods-SwiftLib.release.xcconfig"; sourceTree = "<group>"; };
		92153E1CE6FD2D2BB620BA12 /* Pods-SwiftLib-SwiftLibUITests.release.xcconfig */ = {isa = PBXFileReference; includeInIndex = 1; lastKnownFileType = text.xcconfig; name = "Pods-SwiftLib-SwiftLibUITests.release.xcconfig"; path = "Target Support Files/Pods-SwiftLib-SwiftLibUITests/Pods-SwiftLib-SwiftLibUITests.release.xcconfig"; sourceTree = "<group>"; };
		93B8B69329D57AD40079DD62 /* SwiftLib.app */ = {isa = PBXFileReference; explicitFileType = wrapper.application; includeInIndex = 0; path = SwiftLib.app; sourceTree = BUILT_PRODUCTS_DIR; };
		93B8B69629D57AD40079DD62 /* AppDelegate.swift */ = {isa = PBXFileReference; lastKnownFileType = sourcecode.swift; path = AppDelegate.swift; sourceTree = "<group>"; };
		93B8B69829D57AD40079DD62 /* SceneDelegate.swift */ = {isa = PBXFileReference; lastKnownFileType = sourcecode.swift; path = SceneDelegate.swift; sourceTree = "<group>"; };
		93B8B69A29D57AD40079DD62 /* ViewController.swift */ = {isa = PBXFileReference; lastKnownFileType = sourcecode.swift; path = ViewController.swift; sourceTree = "<group>"; };
		93B8B69D29D57AD40079DD62 /* Base */ = {isa = PBXFileReference; lastKnownFileType = file.storyboard; name = Base; path = Base.lproj/Main.storyboard; sourceTree = "<group>"; };
		93B8B69F29D57AD50079DD62 /* Assets.xcassets */ = {isa = PBXFileReference; lastKnownFileType = folder.assetcatalog; path = Assets.xcassets; sourceTree = "<group>"; };
		93B8B6A229D57AD50079DD62 /* Base */ = {isa = PBXFileReference; lastKnownFileType = file.storyboard; name = Base; path = Base.lproj/LaunchScreen.storyboard; sourceTree = "<group>"; };
		93B8B6A429D57AD50079DD62 /* Info.plist */ = {isa = PBXFileReference; lastKnownFileType = text.plist.xml; path = Info.plist; sourceTree = "<group>"; };
		93B8B6A929D57AD50079DD62 /* SwiftLibTests.xctest */ = {isa = PBXFileReference; explicitFileType = wrapper.cfbundle; includeInIndex = 0; path = SwiftLibTests.xctest; sourceTree = BUILT_PRODUCTS_DIR; };
		93B8B6AD29D57AD50079DD62 /* SwiftLibTests.swift */ = {isa = PBXFileReference; lastKnownFileType = sourcecode.swift; path = SwiftLibTests.swift; sourceTree = "<group>"; };
		93B8B6B329D57AD50079DD62 /* SwiftLibUITests.xctest */ = {isa = PBXFileReference; explicitFileType = wrapper.cfbundle; includeInIndex = 0; path = SwiftLibUITests.xctest; sourceTree = BUILT_PRODUCTS_DIR; };
		93B8B6B729D57AD50079DD62 /* SwiftLibUITests.swift */ = {isa = PBXFileReference; lastKnownFileType = sourcecode.swift; path = SwiftLibUITests.swift; sourceTree = "<group>"; };
		93B8B6B929D57AD50079DD62 /* SwiftLibUITestsLaunchTests.swift */ = {isa = PBXFileReference; lastKnownFileType = sourcecode.swift; path = SwiftLibUITestsLaunchTests.swift; sourceTree = "<group>"; };
		93B8B6C629D58C7A0079DD62 /* SwiftLib.swift */ = {isa = PBXFileReference; lastKnownFileType = sourcecode.swift; path = SwiftLib.swift; sourceTree = "<group>"; };
		AE6357A0CB9387681CF7540D /* Pods-SwiftLibTests.debug.xcconfig */ = {isa = PBXFileReference; includeInIndex = 1; lastKnownFileType = text.xcconfig; name = "Pods-SwiftLibTests.debug.xcconfig"; path = "Target Support Files/Pods-SwiftLibTests/Pods-SwiftLibTests.debug.xcconfig"; sourceTree = "<group>"; };
		EBE4E5191F2FE42B875BE9F8 /* Pods_SwiftLib.framework */ = {isa = PBXFileReference; explicitFileType = wrapper.framework; includeInIndex = 0; path = Pods_SwiftLib.framework; sourceTree = BUILT_PRODUCTS_DIR; };
		FED46886CD6FB0396507E32D /* Pods_SwiftLib_SwiftLibUITests.framework */ = {isa = PBXFileReference; explicitFileType = wrapper.framework; includeInIndex = 0; path = Pods_SwiftLib_SwiftLibUITests.framework; sourceTree = BUILT_PRODUCTS_DIR; };
/* End PBXFileReference section */

/* Begin PBXFrameworksBuildPhase section */
		93B8B69029D57AD40079DD62 /* Frameworks */ = {
			isa = PBXFrameworksBuildPhase;
			buildActionMask = 2147483647;
			files = (
				474341D51EB51E9F52EF0479 /* Pods_SwiftLib.framework in Frameworks */,
			);
			runOnlyForDeploymentPostprocessing = 0;
		};
		93B8B6A629D57AD50079DD62 /* Frameworks */ = {
			isa = PBXFrameworksBuildPhase;
			buildActionMask = 2147483647;
			files = (
				6012FE7A21256FC71C5B04B6 /* Pods_SwiftLibTests.framework in Frameworks */,
			);
			runOnlyForDeploymentPostprocessing = 0;
		};
		93B8B6B029D57AD50079DD62 /* Frameworks */ = {
			isa = PBXFrameworksBuildPhase;
			buildActionMask = 2147483647;
			files = (
				AF4ECFCB63A938EB98F56114 /* Pods_SwiftLib_SwiftLibUITests.framework in Frameworks */,
			);
			runOnlyForDeploymentPostprocessing = 0;
		};
/* End PBXFrameworksBuildPhase section */

/* Begin PBXGroup section */
		26216D927516905794FA94CA /* Pods */ = {
			isa = PBXGroup;
			children = (
				61BC8DFD0432FB0B13453C9C /* Pods-SwiftLib.debug.xcconfig */,
				666C6D16FF37F341C1F12642 /* Pods-SwiftLib.release.xcconfig */,
				5751B7DC408E5DB634F02B27 /* Pods-SwiftLib-SwiftLibUITests.debug.xcconfig */,
				92153E1CE6FD2D2BB620BA12 /* Pods-SwiftLib-SwiftLibUITests.release.xcconfig */,
				AE6357A0CB9387681CF7540D /* Pods-SwiftLibTests.debug.xcconfig */,
				4A8214B8B080B291C41B2CD4 /* Pods-SwiftLibTests.release.xcconfig */,
			);
			path = Pods;
			sourceTree = "<group>";
		};
		93B8B68A29D57AD40079DD62 = {
			isa = PBXGroup;
			children = (
				93B8B69529D57AD40079DD62 /* SwiftLib */,
				93B8B6AC29D57AD50079DD62 /* SwiftLibTests */,
				93B8B6B629D57AD50079DD62 /* SwiftLibUITests */,
				93B8B69429D57AD40079DD62 /* Products */,
				26216D927516905794FA94CA /* Pods */,
				9A83EF62226C17FF9B586D24 /* Frameworks */,
			);
			sourceTree = "<group>";
		};
		93B8B69429D57AD40079DD62 /* Products */ = {
			isa = PBXGroup;
			children = (
				93B8B69329D57AD40079DD62 /* SwiftLib.app */,
				93B8B6A929D57AD50079DD62 /* SwiftLibTests.xctest */,
				93B8B6B329D57AD50079DD62 /* SwiftLibUITests.xctest */,
			);
			name = Products;
			sourceTree = "<group>";
		};
		93B8B69529D57AD40079DD62 /* SwiftLib */ = {
			isa = PBXGroup;
			children = (
				93B8B69629D57AD40079DD62 /* AppDelegate.swift */,
				93B8B69829D57AD40079DD62 /* SceneDelegate.swift */,
				93B8B69A29D57AD40079DD62 /* ViewController.swift */,
				93B8B69C29D57AD40079DD62 /* Main.storyboard */,
				93B8B69F29D57AD50079DD62 /* Assets.xcassets */,
				93B8B6A129D57AD50079DD62 /* LaunchScreen.storyboard */,
				93B8B6A429D57AD50079DD62 /* Info.plist */,
				93B8B6C629D58C7A0079DD62 /* SwiftLib.swift */,
			);
			path = SwiftLib;
			sourceTree = "<group>";
		};
		93B8B6AC29D57AD50079DD62 /* SwiftLibTests */ = {
			isa = PBXGroup;
			children = (
				93B8B6AD29D57AD50079DD62 /* SwiftLibTests.swift */,
			);
			path = SwiftLibTests;
			sourceTree = "<group>";
		};
		93B8B6B629D57AD50079DD62 /* SwiftLibUITests */ = {
			isa = PBXGroup;
			children = (
				93B8B6B729D57AD50079DD62 /* SwiftLibUITests.swift */,
				93B8B6B929D57AD50079DD62 /* SwiftLibUITestsLaunchTests.swift */,
			);
			path = SwiftLibUITests;
			sourceTree = "<group>";
		};
		9A83EF62226C17FF9B586D24 /* Frameworks */ = {
			isa = PBXGroup;
			children = (
				EBE4E5191F2FE42B875BE9F8 /* Pods_SwiftLib.framework */,
				FED46886CD6FB0396507E32D /* Pods_SwiftLib_SwiftLibUITests.framework */,
				1E68AFBFC7C05C81A74797EE /* Pods_SwiftLibTests.framework */,
			);
			name = Frameworks;
			sourceTree = "<group>";
		};
/* End PBXGroup section */

/* Begin PBXNativeTarget section */
		93B8B69229D57AD40079DD62 /* SwiftLib */ = {
			isa = PBXNativeTarget;
			buildConfigurationList = 93B8B6BD29D57AD50079DD62 /* Build configuration list for PBXNativeTarget "SwiftLib" */;
			buildPhases = (
				39ABFA49CACAD66D8859AB23 /* [CP] Check Pods Manifest.lock */,
				93B8B68F29D57AD40079DD62 /* Sources */,
				93B8B69029D57AD40079DD62 /* Frameworks */,
				93B8B69129D57AD40079DD62 /* Resources */,
				644D980D38809EB0D2696F35 /* [CP] Embed Pods Frameworks */,
			);
			buildRules = (
			);
			dependencies = (
			);
			name = SwiftLib;
			productName = SwiftLib;
			productReference = 93B8B69329D57AD40079DD62 /* SwiftLib.app */;
			productType = "com.apple.product-type.application";
		};
		93B8B6A829D57AD50079DD62 /* SwiftLibTests */ = {
			isa = PBXNativeTarget;
			buildConfigurationList = 93B8B6C029D57AD50079DD62 /* Build configuration list for PBXNativeTarget "SwiftLibTests" */;
			buildPhases = (
				3E26EF37926A4DEE11A09C8C /* [CP] Check Pods Manifest.lock */,
				93B8B6A529D57AD50079DD62 /* Sources */,
				93B8B6A629D57AD50079DD62 /* Frameworks */,
				93B8B6A729D57AD50079DD62 /* Resources */,
			);
			buildRules = (
			);
			dependencies = (
				93B8B6AB29D57AD50079DD62 /* PBXTargetDependency */,
			);
			name = SwiftLibTests;
			productName = SwiftLibTests;
			productReference = 93B8B6A929D57AD50079DD62 /* SwiftLibTests.xctest */;
			productType = "com.apple.product-type.bundle.unit-test";
		};
		93B8B6B229D57AD50079DD62 /* SwiftLibUITests */ = {
			isa = PBXNativeTarget;
			buildConfigurationList = 93B8B6C329D57AD50079DD62 /* Build configuration list for PBXNativeTarget "SwiftLibUITests" */;
			buildPhases = (
				EB5E6C0C31027640F847196E /* [CP] Check Pods Manifest.lock */,
				93B8B6AF29D57AD50079DD62 /* Sources */,
				93B8B6B029D57AD50079DD62 /* Frameworks */,
				93B8B6B129D57AD50079DD62 /* Resources */,
				88930FE45DC8DCE62E1E5009 /* [CP] Embed Pods Frameworks */,
			);
			buildRules = (
			);
			dependencies = (
				93B8B6B529D57AD50079DD62 /* PBXTargetDependency */,
			);
			name = SwiftLibUITests;
			productName = SwiftLibUITests;
			productReference = 93B8B6B329D57AD50079DD62 /* SwiftLibUITests.xctest */;
			productType = "com.apple.product-type.bundle.ui-testing";
		};
/* End PBXNativeTarget section */

/* Begin PBXProject section */
		93B8B68B29D57AD40079DD62 /* Project object */ = {
			isa = PBXProject;
			attributes = {
				BuildIndependentTargetsInParallel = 1;
				LastSwiftUpdateCheck = 1410;
				LastUpgradeCheck = 1410;
				TargetAttributes = {
					93B8B69229D57AD40079DD62 = {
						CreatedOnToolsVersion = 14.1;
					};
					93B8B6A829D57AD50079DD62 = {
						CreatedOnToolsVersion = 14.1;
						TestTargetID = 93B8B69229D57AD40079DD62;
					};
					93B8B6B229D57AD50079DD62 = {
						CreatedOnToolsVersion = 14.1;
						TestTargetID = 93B8B69229D57AD40079DD62;
					};
				};
			};
			buildConfigurationList = 93B8B68E29D57AD40079DD62 /* Build configuration list for PBXProject "SwiftLib" */;
			compatibilityVersion = "Xcode 14.0";
			developmentRegion = en;
			hasScannedForEncodings = 0;
			knownRegions = (
				en,
				Base,
			);
			mainGroup = 93B8B68A29D57AD40079DD62;
			productRefGroup = 93B8B69429D57AD40079DD62 /* Products */;
			projectDirPath = "";
			projectRoot = "";
			targets = (
				93B8B69229D57AD40079DD62 /* SwiftLib */,
				93B8B6A829D57AD50079DD62 /* SwiftLibTests */,
				93B8B6B229D57AD50079DD62 /* SwiftLibUITests */,
			);
		};
/* End PBXProject section */

/* Begin PBXResourcesBuildPhase section */
		93B8B69129D57AD40079DD62 /* Resources */ = {
			isa = PBXResourcesBuildPhase;
			buildActionMask = 2147483647;
			files = (
				93B8B6A329D57AD50079DD62 /* LaunchScreen.storyboard in Resources */,
				93B8B6A029D57AD50079DD62 /* Assets.xcassets in Resources */,
				93B8B69E29D57AD40079DD62 /* Main.storyboard in Resources */,
			);
			runOnlyForDeploymentPostprocessing = 0;
		};
		93B8B6A729D57AD50079DD62 /* Resources */ = {
			isa = PBXResourcesBuildPhase;
			buildActionMask = 2147483647;
			files = (
			);
			runOnlyForDeploymentPostprocessing = 0;
		};
		93B8B6B129D57AD50079DD62 /* Resources */ = {
			isa = PBXResourcesBuildPhase;
			buildActionMask = 2147483647;
			files = (
			);
			runOnlyForDeploymentPostprocessing = 0;
		};
/* End PBXResourcesBuildPhase section */

/* Begin PBXShellScriptBuildPhase section */
		39ABFA49CACAD66D8859AB23 /* [CP] Check Pods Manifest.lock */ = {
			isa = PBXShellScriptBuildPhase;
			buildActionMask = 2147483647;
			files = (
			);
			inputFileListPaths = (
			);
			inputPaths = (
				"${PODS_PODFILE_DIR_PATH}/Podfile.lock",
				"${PODS_ROOT}/Manifest.lock",
			);
			name = "[CP] Check Pods Manifest.lock";
			outputFileListPaths = (
			);
			outputPaths = (
				"$(DERIVED_FILE_DIR)/Pods-SwiftLib-checkManifestLockResult.txt",
			);
			runOnlyForDeploymentPostprocessing = 0;
			shellPath = /bin/sh;
			shellScript = "diff \"${PODS_PODFILE_DIR_PATH}/Podfile.lock\" \"${PODS_ROOT}/Manifest.lock\" > /dev/null\nif [ $? != 0 ] ; then\n    # print error to STDERR\n    echo \"error: The sandbox is not in sync with the Podfile.lock. Run 'pod install' or update your CocoaPods installation.\" >&2\n    exit 1\nfi\n# This output is used by Xcode 'outputs' to avoid re-running this script phase.\necho \"SUCCESS\" > \"${SCRIPT_OUTPUT_FILE_0}\"\n";
			showEnvVarsInLog = 0;
		};
		3E26EF37926A4DEE11A09C8C /* [CP] Check Pods Manifest.lock */ = {
			isa = PBXShellScriptBuildPhase;
			buildActionMask = 2147483647;
			files = (
			);
			inputFileListPaths = (
			);
			inputPaths = (
				"${PODS_PODFILE_DIR_PATH}/Podfile.lock",
				"${PODS_ROOT}/Manifest.lock",
			);
			name = "[CP] Check Pods Manifest.lock";
			outputFileListPaths = (
			);
			outputPaths = (
				"$(DERIVED_FILE_DIR)/Pods-SwiftLibTests-checkManifestLockResult.txt",
			);
			runOnlyForDeploymentPostprocessing = 0;
			shellPath = /bin/sh;
			shellScript = "diff \"${PODS_PODFILE_DIR_PATH}/Podfile.lock\" \"${PODS_ROOT}/Manifest.lock\" > /dev/null\nif [ $? != 0 ] ; then\n    # print error to STDERR\n    echo \"error: The sandbox is not in sync with the Podfile.lock. Run 'pod install' or update your CocoaPods installation.\" >&2\n    exit 1\nfi\n# This output is used by Xcode 'outputs' to avoid re-running this script phase.\necho \"SUCCESS\" > \"${SCRIPT_OUTPUT_FILE_0}\"\n";
			showEnvVarsInLog = 0;
		};
		644D980D38809EB0D2696F35 /* [CP] Embed Pods Frameworks */ = {
			isa = PBXShellScriptBuildPhase;
			buildActionMask = 2147483647;
			files = (
			);
			inputFileListPaths = (
				"${PODS_ROOT}/Target Support Files/Pods-SwiftLib/Pods-SwiftLib-frameworks-${CONFIGURATION}-input-files.xcfilelist",
			);
			name = "[CP] Embed Pods Frameworks";
			outputFileListPaths = (
				"${PODS_ROOT}/Target Support Files/Pods-SwiftLib/Pods-SwiftLib-frameworks-${CONFIGURATION}-output-files.xcfilelist",
			);
			runOnlyForDeploymentPostprocessing = 0;
			shellPath = /bin/sh;
			shellScript = "\"${PODS_ROOT}/Target Support Files/Pods-SwiftLib/Pods-SwiftLib-frameworks.sh\"\n";
			showEnvVarsInLog = 0;
		};
		88930FE45DC8DCE62E1E5009 /* [CP] Embed Pods Frameworks */ = {
			isa = PBXShellScriptBuildPhase;
			buildActionMask = 2147483647;
			files = (
			);
			inputFileListPaths = (
				"${PODS_ROOT}/Target Support Files/Pods-SwiftLib-SwiftLibUITests/Pods-SwiftLib-SwiftLibUITests-frameworks-${CONFIGURATION}-input-files.xcfilelist",
			);
			name = "[CP] Embed Pods Frameworks";
			outputFileListPaths = (
				"${PODS_ROOT}/Target Support Files/Pods-SwiftLib-SwiftLibUITests/Pods-SwiftLib-SwiftLibUITests-frameworks-${CONFIGURATION}-output-files.xcfilelist",
			);
			runOnlyForDeploymentPostprocessing = 0;
			shellPath = /bin/sh;
			shellScript = "\"${PODS_ROOT}/Target Support Files/Pods-SwiftLib-SwiftLibUITests/Pods-SwiftLib-SwiftLibUITests-frameworks.sh\"\n";
			showEnvVarsInLog = 0;
		};
		EB5E6C0C31027640F847196E /* [CP] Check Pods Manifest.lock */ = {
			isa = PBXShellScriptBuildPhase;
			buildActionMask = 2147483647;
			files = (
			);
			inputFileListPaths = (
			);
			inputPaths = (
				"${PODS_PODFILE_DIR_PATH}/Podfile.lock",
				"${PODS_ROOT}/Manifest.lock",
			);
			name = "[CP] Check Pods Manifest.lock";
			outputFileListPaths = (
			);
			outputPaths = (
				"$(DERIVED_FILE_DIR)/Pods-SwiftLib-SwiftLibUITests-checkManifestLockResult.txt",
			);
			runOnlyForDeploymentPostprocessing = 0;
			shellPath = /bin/sh;
			shellScript = "diff \"${PODS_PODFILE_DIR_PATH}/Podfile.lock\" \"${PODS_ROOT}/Manifest.lock\" > /dev/null\nif [ $? != 0 ] ; then\n    # print error to STDERR\n    echo \"error: The sandbox is not in sync with the Podfile.lock. Run 'pod install' or update your CocoaPods installation.\" >&2\n    exit 1\nfi\n# This output is used by Xcode 'outputs' to avoid re-running this script phase.\necho \"SUCCESS\" > \"${SCRIPT_OUTPUT_FILE_0}\"\n";
			showEnvVarsInLog = 0;
		};
/* End PBXShellScriptBuildPhase section */

/* Begin PBXSourcesBuildPhase section */
		93B8B68F29D57AD40079DD62 /* Sources */ = {
			isa = PBXSourcesBuildPhase;
			buildActionMask = 2147483647;
			files = (
				93B8B69B29D57AD40079DD62 /* ViewController.swift in Sources */,
				93B8B6C729D58C7A0079DD62 /* SwiftLib.swift in Sources */,
				93B8B69729D57AD40079DD62 /* AppDelegate.swift in Sources */,
				93B8B69929D57AD40079DD62 /* SceneDelegate.swift in Sources */,
			);
			runOnlyForDeploymentPostprocessing = 0;
		};
		93B8B6A529D57AD50079DD62 /* Sources */ = {
			isa = PBXSourcesBuildPhase;
			buildActionMask = 2147483647;
			files = (
				93B8B6AE29D57AD50079DD62 /* SwiftLibTests.swift in Sources */,
			);
			runOnlyForDeploymentPostprocessing = 0;
		};
		93B8B6AF29D57AD50079DD62 /* Sources */ = {
			isa = PBXSourcesBuildPhase;
			buildActionMask = 2147483647;
			files = (
				93B8B6BA29D57AD50079DD62 /* SwiftLibUITestsLaunchTests.swift in Sources */,
				93B8B6B829D57AD50079DD62 /* SwiftLibUITests.swift in Sources */,
			);
			runOnlyForDeploymentPostprocessing = 0;
		};
/* End PBXSourcesBuildPhase section */

/* Begin PBXTargetDependency section */
		93B8B6AB29D57AD50079DD62 /* PBXTargetDependency */ = {
			isa = PBXTargetDependency;
			target = 93B8B69229D57AD40079DD62 /* SwiftLib */;
			targetProxy = 93B8B6AA29D57AD50079DD62 /* PBXContainerItemProxy */;
		};
		93B8B6B529D57AD50079DD62 /* PBXTargetDependency */ = {
			isa = PBXTargetDependency;
			target = 93B8B69229D57AD40079DD62 /* SwiftLib */;
			targetProxy = 93B8B6B429D57AD50079DD62 /* PBXContainerItemProxy */;
		};
/* End PBXTargetDependency section */

/* Begin PBXVariantGroup section */
		93B8B69C29D57AD40079DD62 /* Main.storyboard */ = {
			isa = PBXVariantGroup;
			children = (
				93B8B69D29D57AD40079DD62 /* Base */,
			);
			name = Main.storyboard;
			sourceTree = "<group>";
		};
		93B8B6A129D57AD50079DD62 /* LaunchScreen.storyboard */ = {
			isa = PBXVariantGroup;
			children = (
				93B8B6A229D57AD50079DD62 /* Base */,
			);
			name = LaunchScreen.storyboard;
			sourceTree = "<group>";
		};
/* End PBXVariantGroup section */

/* Begin XCBuildConfiguration section */
		93B8B6BB29D57AD50079DD62 /* Debug */ = {
			isa = XCBuildConfiguration;
			buildSettings = {
				ALWAYS_SEARCH_USER_PATHS = NO;
				CLANG_ANALYZER_NONNULL = YES;
				CLANG_ANALYZER_NUMBER_OBJECT_CONVERSION = YES_AGGRESSIVE;
				CLANG_CXX_LANGUAGE_STANDARD = "gnu++20";
				CLANG_ENABLE_MODULES = YES;
				CLANG_ENABLE_OBJC_ARC = YES;
				CLANG_ENABLE_OBJC_WEAK = YES;
				CLANG_WARN_BLOCK_CAPTURE_AUTORELEASING = YES;
				CLANG_WARN_BOOL_CONVERSION = YES;
				CLANG_WARN_COMMA = YES;
				CLANG_WARN_CONSTANT_CONVERSION = YES;
				CLANG_WARN_DEPRECATED_OBJC_IMPLEMENTATIONS = YES;
				CLANG_WARN_DIRECT_OBJC_ISA_USAGE = YES_ERROR;
				CLANG_WARN_DOCUMENTATION_COMMENTS = YES;
				CLANG_WARN_EMPTY_BODY = YES;
				CLANG_WARN_ENUM_CONVERSION = YES;
				CLANG_WARN_INFINITE_RECURSION = YES;
				CLANG_WARN_INT_CONVERSION = YES;
				CLANG_WARN_NON_LITERAL_NULL_CONVERSION = YES;
				CLANG_WARN_OBJC_IMPLICIT_RETAIN_SELF = YES;
				CLANG_WARN_OBJC_LITERAL_CONVERSION = YES;
				CLANG_WARN_OBJC_ROOT_CLASS = YES_ERROR;
				CLANG_WARN_QUOTED_INCLUDE_IN_FRAMEWORK_HEADER = YES;
				CLANG_WARN_RANGE_LOOP_ANALYSIS = YES;
				CLANG_WARN_STRICT_PROTOTYPES = YES;
				CLANG_WARN_SUSPICIOUS_MOVE = YES;
				CLANG_WARN_UNGUARDED_AVAILABILITY = YES_AGGRESSIVE;
				CLANG_WARN_UNREACHABLE_CODE = YES;
				CLANG_WARN__DUPLICATE_METHOD_MATCH = YES;
				COPY_PHASE_STRIP = NO;
				DEBUG_INFORMATION_FORMAT = dwarf;
				ENABLE_STRICT_OBJC_MSGSEND = YES;
				ENABLE_TESTABILITY = YES;
				GCC_C_LANGUAGE_STANDARD = gnu11;
				GCC_DYNAMIC_NO_PIC = NO;
				GCC_NO_COMMON_BLOCKS = YES;
				GCC_OPTIMIZATION_LEVEL = 0;
				GCC_PREPROCESSOR_DEFINITIONS = (
					"DEBUG=1",
					"$(inherited)",
				);
				GCC_WARN_64_TO_32_BIT_CONVERSION = YES;
				GCC_WARN_ABOUT_RETURN_TYPE = YES_ERROR;
				GCC_WARN_UNDECLARED_SELECTOR = YES;
				GCC_WARN_UNINITIALIZED_AUTOS = YES_AGGRESSIVE;
				GCC_WARN_UNUSED_FUNCTION = YES;
				GCC_WARN_UNUSED_VARIABLE = YES;
				IPHONEOS_DEPLOYMENT_TARGET = 16.1;
				MTL_ENABLE_DEBUG_INFO = INCLUDE_SOURCE;
				MTL_FAST_MATH = YES;
				ONLY_ACTIVE_ARCH = YES;
				SDKROOT = iphoneos;
				SWIFT_ACTIVE_COMPILATION_CONDITIONS = DEBUG;
				SWIFT_OPTIMIZATION_LEVEL = "-Onone";
			};
			name = Debug;
		};
		93B8B6BC29D57AD50079DD62 /* Release */ = {
			isa = XCBuildConfiguration;
			buildSettings = {
				ALWAYS_SEARCH_USER_PATHS = NO;
				CLANG_ANALYZER_NONNULL = YES;
				CLANG_ANALYZER_NUMBER_OBJECT_CONVERSION = YES_AGGRESSIVE;
				CLANG_CXX_LANGUAGE_STANDARD = "gnu++20";
				CLANG_ENABLE_MODULES = YES;
				CLANG_ENABLE_OBJC_ARC = YES;
				CLANG_ENABLE_OBJC_WEAK = YES;
				CLANG_WARN_BLOCK_CAPTURE_AUTORELEASING = YES;
				CLANG_WARN_BOOL_CONVERSION = YES;
				CLANG_WARN_COMMA = YES;
				CLANG_WARN_CONSTANT_CONVERSION = YES;
				CLANG_WARN_DEPRECATED_OBJC_IMPLEMENTATIONS = YES;
				CLANG_WARN_DIRECT_OBJC_ISA_USAGE = YES_ERROR;
				CLANG_WARN_DOCUMENTATION_COMMENTS = YES;
				CLANG_WARN_EMPTY_BODY = YES;
				CLANG_WARN_ENUM_CONVERSION = YES;
				CLANG_WARN_INFINITE_RECURSION = YES;
				CLANG_WARN_INT_CONVERSION = YES;
				CLANG_WARN_NON_LITERAL_NULL_CONVERSION = YES;
				CLANG_WARN_OBJC_IMPLICIT_RETAIN_SELF = YES;
				CLANG_WARN_OBJC_LITERAL_CONVERSION = YES;
				CLANG_WARN_OBJC_ROOT_CLASS = YES_ERROR;
				CLANG_WARN_QUOTED_INCLUDE_IN_FRAMEWORK_HEADER = YES;
				CLANG_WARN_RANGE_LOOP_ANALYSIS = YES;
				CLANG_WARN_STRICT_PROTOTYPES = YES;
				CLANG_WARN_SUSPICIOUS_MOVE = YES;
				CLANG_WARN_UNGUARDED_AVAILABILITY = YES_AGGRESSIVE;
				CLANG_WARN_UNREACHABLE_CODE = YES;
				CLANG_WARN__DUPLICATE_METHOD_MATCH = YES;
				COPY_PHASE_STRIP = NO;
				DEBUG_INFORMATION_FORMAT = "dwarf-with-dsym";
				ENABLE_NS_ASSERTIONS = NO;
				ENABLE_STRICT_OBJC_MSGSEND = YES;
				GCC_C_LANGUAGE_STANDARD = gnu11;
				GCC_NO_COMMON_BLOCKS = YES;
				GCC_WARN_64_TO_32_BIT_CONVERSION = YES;
				GCC_WARN_ABOUT_RETURN_TYPE = YES_ERROR;
				GCC_WARN_UNDECLARED_SELECTOR = YES;
				GCC_WARN_UNINITIALIZED_AUTOS = YES_AGGRESSIVE;
				GCC_WARN_UNUSED_FUNCTION = YES;
				GCC_WARN_UNUSED_VARIABLE = YES;
				IPHONEOS_DEPLOYMENT_TARGET = 16.1;
				MTL_ENABLE_DEBUG_INFO = NO;
				MTL_FAST_MATH = YES;
				SDKROOT = iphoneos;
				SWIFT_COMPILATION_MODE = wholemodule;
				SWIFT_OPTIMIZATION_LEVEL = "-O";
				VALIDATE_PRODUCT = YES;
			};
			name = Release;
		};
		93B8B6BE29D57AD50079DD62 /* Debug */ = {
			isa = XCBuildConfiguration;
			baseConfigurationReference = 61BC8DFD0432FB0B13453C9C /* Pods-SwiftLib.debug.xcconfig */;
			buildSettings = {
				ASSETCATALOG_COMPILER_APPICON_NAME = AppIcon;
				ASSETCATALOG_COMPILER_GLOBAL_ACCENT_COLOR_NAME = AccentColor;
				CODE_SIGN_STYLE = Automatic;
				CURRENT_PROJECT_VERSION = 1;
				DEVELOPMENT_TEAM = MAVDGC6FP2;
				GENERATE_INFOPLIST_FILE = YES;
				INFOPLIST_FILE = SwiftLib/Info.plist;
				INFOPLIST_KEY_UIApplicationSupportsIndirectInputEvents = YES;
				INFOPLIST_KEY_UILaunchStoryboardName = LaunchScreen;
				INFOPLIST_KEY_UIMainStoryboardFile = Main;
				INFOPLIST_KEY_UISupportedInterfaceOrientations_iPad = "UIInterfaceOrientationPortrait UIInterfaceOrientationPortraitUpsideDown UIInterfaceOrientationLandscapeLeft UIInterfaceOrientationLandscapeRight";
				INFOPLIST_KEY_UISupportedInterfaceOrientations_iPhone = "UIInterfaceOrientationPortrait UIInterfaceOrientationLandscapeLeft UIInterfaceOrientationLandscapeRight";
				LD_RUNPATH_SEARCH_PATHS = (
					"$(inherited)",
					"@executable_path/Frameworks",
				);
				MARKETING_VERSION = 1.1;
				PRODUCT_BUNDLE_IDENTIFIER = vida.SwiftLib;
				PRODUCT_NAME = "$(TARGET_NAME)";
				SWIFT_EMIT_LOC_STRINGS = YES;
				SWIFT_VERSION = 5.0;
				TARGETED_DEVICE_FAMILY = "1,2";
			};
			name = Debug;
		};
		93B8B6BF29D57AD50079DD62 /* Release */ = {
			isa = XCBuildConfiguration;
			baseConfigurationReference = 666C6D16FF37F341C1F12642 /* Pods-SwiftLib.release.xcconfig */;
			buildSettings = {
				ASSETCATALOG_COMPILER_APPICON_NAME = AppIcon;
				ASSETCATALOG_COMPILER_GLOBAL_ACCENT_COLOR_NAME = AccentColor;
				CODE_SIGN_STYLE = Automatic;
				CURRENT_PROJECT_VERSION = 1;
				DEVELOPMENT_TEAM = MAVDGC6FP2;
				GENERATE_INFOPLIST_FILE = YES;
				INFOPLIST_FILE = SwiftLib/Info.plist;
				INFOPLIST_KEY_UIApplicationSupportsIndirectInputEvents = YES;
				INFOPLIST_KEY_UILaunchStoryboardName = LaunchScreen;
				INFOPLIST_KEY_UIMainStoryboardFile = Main;
				INFOPLIST_KEY_UISupportedInterfaceOrientations_iPad = "UIInterfaceOrientationPortrait UIInterfaceOrientationPortraitUpsideDown UIInterfaceOrientationLandscapeLeft UIInterfaceOrientationLandscapeRight";
				INFOPLIST_KEY_UISupportedInterfaceOrientations_iPhone = "UIInterfaceOrientationPortrait UIInterfaceOrientationLandscapeLeft UIInterfaceOrientationLandscapeRight";
				LD_RUNPATH_SEARCH_PATHS = (
					"$(inherited)",
					"@executable_path/Frameworks",
				);
				MARKETING_VERSION = 1.1;
				PRODUCT_BUNDLE_IDENTIFIER = vida.SwiftLib;
				PRODUCT_NAME = "$(TARGET_NAME)";
				SWIFT_EMIT_LOC_STRINGS = YES;
				SWIFT_VERSION = 5.0;
				TARGETED_DEVICE_FAMILY = "1,2";
			};
			name = Release;
		};
		93B8B6C129D57AD50079DD62 /* Debug */ = {
			isa = XCBuildConfiguration;
			baseConfigurationReference = AE6357A0CB9387681CF7540D /* Pods-SwiftLibTests.debug.xcconfig */;
			buildSettings = {
				ALWAYS_EMBED_SWIFT_STANDARD_LIBRARIES = YES;
				BUNDLE_LOADER = "$(TEST_HOST)";
				CODE_SIGN_STYLE = Automatic;
				CURRENT_PROJECT_VERSION = 1;
				DEVELOPMENT_TEAM = MAVDGC6FP2;
				GENERATE_INFOPLIST_FILE = YES;
				IPHONEOS_DEPLOYMENT_TARGET = 16.1;
				MARKETING_VERSION = 1.0;
				PRODUCT_BUNDLE_IDENTIFIER = vida.SwiftLibTests;
				PRODUCT_NAME = "$(TARGET_NAME)";
				SWIFT_EMIT_LOC_STRINGS = NO;
				SWIFT_VERSION = 5.0;
				TARGETED_DEVICE_FAMILY = "1,2";
				TEST_HOST = "$(BUILT_PRODUCTS_DIR)/SwiftLib.app/$(BUNDLE_EXECUTABLE_FOLDER_PATH)/SwiftLib";
			};
			name = Debug;
		};
		93B8B6C229D57AD50079DD62 /* Release */ = {
			isa = XCBuildConfiguration;
			baseConfigurationReference = 4A8214B8B080B291C41B2CD4 /* Pods-SwiftLibTests.release.xcconfig */;
			buildSettings = {
				ALWAYS_EMBED_SWIFT_STANDARD_LIBRARIES = YES;
				BUNDLE_LOADER = "$(TEST_HOST)";
				CODE_SIGN_STYLE = Automatic;
				CURRENT_PROJECT_VERSION = 1;
				DEVELOPMENT_TEAM = MAVDGC6FP2;
				GENERATE_INFOPLIST_FILE = YES;
				IPHONEOS_DEPLOYMENT_TARGET = 16.1;
				MARKETING_VERSION = 1.0;
				PRODUCT_BUNDLE_IDENTIFIER = vida.SwiftLibTests;
				PRODUCT_NAME = "$(TARGET_NAME)";
				SWIFT_EMIT_LOC_STRINGS = NO;
				SWIFT_VERSION = 5.0;
				TARGETED_DEVICE_FAMILY = "1,2";
				TEST_HOST = "$(BUILT_PRODUCTS_DIR)/SwiftLib.app/$(BUNDLE_EXECUTABLE_FOLDER_PATH)/SwiftLib";
			};
			name = Release;
		};
		93B8B6C429D57AD50079DD62 /* Debug */ = {
			isa = XCBuildConfiguration;
			baseConfigurationReference = 5751B7DC408E5DB634F02B27 /* Pods-SwiftLib-SwiftLibUITests.debug.xcconfig */;
			buildSettings = {
				ALWAYS_EMBED_SWIFT_STANDARD_LIBRARIES = YES;
				CODE_SIGN_STYLE = Automatic;
				CURRENT_PROJECT_VERSION = 1;
				DEVELOPMENT_TEAM = MAVDGC6FP2;
				GENERATE_INFOPLIST_FILE = YES;
				MARKETING_VERSION = 1.0;
				PRODUCT_BUNDLE_IDENTIFIER = vida.SwiftLibUITests;
				PRODUCT_NAME = "$(TARGET_NAME)";
				SWIFT_EMIT_LOC_STRINGS = NO;
				SWIFT_VERSION = 5.0;
				TARGETED_DEVICE_FAMILY = "1,2";
				TEST_TARGET_NAME = SwiftLib;
			};
			name = Debug;
		};
		93B8B6C529D57AD50079DD62 /* Release */ = {
			isa = XCBuildConfiguration;
			baseConfigurationReference = 92153E1CE6FD2D2BB620BA12 /* Pods-SwiftLib-SwiftLibUITests.release.xcconfig */;
			buildSettings = {
				ALWAYS_EMBED_SWIFT_STANDARD_LIBRARIES = YES;
				CODE_SIGN_STYLE = Automatic;
				CURRENT_PROJECT_VERSION = 1;
				DEVELOPMENT_TEAM = MAVDGC6FP2;
				GENERATE_INFOPLIST_FILE = YES;
				MARKETING_VERSION = 1.0;
				PRODUCT_BUNDLE_IDENTIFIER = vida.SwiftLibUITests;
				PRODUCT_NAME = "$(TARGET_NAME)";
				SWIFT_EMIT_LOC_STRINGS = NO;
				SWIFT_VERSION = 5.0;
				TARGETED_DEVICE_FAMILY = "1,2";
				TEST_TARGET_NAME = SwiftLib;
			};
			name = Release;
		};
/* End XCBuildConfiguration section */

/* Begin XCConfigurationList section */
		93B8B68E29D57AD40079DD62 /* Build configuration list for PBXProject "SwiftLib" */ = {
			isa = XCConfigurationList;
			buildConfigurations = (
				93B8B6BB29D57AD50079DD62 /* Debug */,
				93B8B6BC29D57AD50079DD62 /* Release */,
			);
			defaultConfigurationIsVisible = 0;
			defaultConfigurationName = Release;
		};
		93B8B6BD29D57AD50079DD62 /* Build configuration list for PBXNativeTarget "SwiftLib" */ = {
			isa = XCConfigurationList;
			buildConfigurations = (
				93B8B6BE29D57AD50079DD62 /* Debug */,
				93B8B6BF29D57AD50079DD62 /* Release */,
			);
			defaultConfigurationIsVisible = 0;
			defaultConfigurationName = Release;
		};
		93B8B6C029D57AD50079DD62 /* Build configuration list for PBXNativeTarget "SwiftLibTests" */ = {
			isa = XCConfigurationList;
			buildConfigurations = (
				93B8B6C129D57AD50079DD62 /* Debug */,
				93B8B6C229D57AD50079DD62 /* Release */,
			);
			defaultConfigurationIsVisible = 0;
			defaultConfigurationName = Release;
		};
		93B8B6C329D57AD50079DD62 /* Build configuration list for PBXNativeTarget "SwiftLibUITests" */ = {
			isa = XCConfigurationList;
			buildConfigurations = (
				93B8B6C429D57AD50079DD62 /* Debug */,
				93B8B6C529D57AD50079DD62 /* Release */,
			);
			defaultConfigurationIsVisible = 0;
			defaultConfigurationName = Release;
		};
/* End XCConfigurationList section */
	};
	rootObject = 93B8B68B29D57AD40079DD62 /* Project object */;
}
